// !$*UTF8*$!
{
	archiveVersion = 1;
	classes = {
	};
	objectVersion = 48;
	objects = {

/* Begin PBXBuildFile section */
		2F6E56DC1F740F2200A03B41 /* AppDelegate.swift in Sources */ = {isa = PBXBuildFile; fileRef = 2F6E56DB1F740F2200A03B41 /* AppDelegate.swift */; };
		2F6E56E11F740F2200A03B41 /* Main.storyboard in Resources */ = {isa = PBXBuildFile; fileRef = 2F6E56DF1F740F2200A03B41 /* Main.storyboard */; };
		2F6E56E31F740F2200A03B41 /* Assets.xcassets in Resources */ = {isa = PBXBuildFile; fileRef = 2F6E56E21F740F2200A03B41 /* Assets.xcassets */; };
		2F6E56E61F740F2200A03B41 /* LaunchScreen.storyboard in Resources */ = {isa = PBXBuildFile; fileRef = 2F6E56E41F740F2200A03B41 /* LaunchScreen.storyboard */; };
		2F6E56F11F740F2200A03B41 /* TodoDemoTests.swift in Sources */ = {isa = PBXBuildFile; fileRef = 2F6E56F01F740F2200A03B41 /* TodoDemoTests.swift */; };
		2F6E56FE1F74101700A03B41 /* TodoModel.swift in Sources */ = {isa = PBXBuildFile; fileRef = 2F6E56FB1F74101700A03B41 /* TodoModel.swift */; };
		2F6E56FF1F74101700A03B41 /* TableViewController.swift in Sources */ = {isa = PBXBuildFile; fileRef = 2F6E56FC1F74101700A03B41 /* TableViewController.swift */; };
		2F6E57001F74101700A03B41 /* TableViewInputCell.swift in Sources */ = {isa = PBXBuildFile; fileRef = 2F6E56FD1F74101700A03B41 /* TableViewInputCell.swift */; };
		2F6E572E1F74475700A03B41 /* Store.swift in Sources */ = {isa = PBXBuildFile; fileRef = 2F6E572D1F74475700A03B41 /* Store.swift */; };
		2F6E57301F7448C400A03B41 /* TableViewDataSource.swift in Sources */ = {isa = PBXBuildFile; fileRef = 2F6E572F1F7448C400A03B41 /* TableViewDataSource.swift */; };
/* End PBXBuildFile section */

/* Begin PBXContainerItemProxy section */
		2F6E56ED1F740F2200A03B41 /* PBXContainerItemProxy */ = {
			isa = PBXContainerItemProxy;
			containerPortal = 2F6E56D01F740F2200A03B41 /* Project object */;
			proxyType = 1;
			remoteGlobalIDString = 2F6E56D71F740F2200A03B41;
			remoteInfo = TodoDemo;
		};
/* End PBXContainerItemProxy section */

/* Begin PBXFileReference section */
		2F6E56D81F740F2200A03B41 /* TodoDemo.app */ = {isa = PBXFileReference; explicitFileType = wrapper.application; includeInIndex = 0; path = TodoDemo.app; sourceTree = BUILT_PRODUCTS_DIR; };
		2F6E56DB1F740F2200A03B41 /* AppDelegate.swift */ = {isa = PBXFileReference; lastKnownFileType = sourcecode.swift; path = AppDelegate.swift; sourceTree = "<group>"; };
		2F6E56E01F740F2200A03B41 /* Base */ = {isa = PBXFileReference; lastKnownFileType = file.storyboard; name = Base; path = Base.lproj/Main.storyboard; sourceTree = "<group>"; };
		2F6E56E21F740F2200A03B41 /* Assets.xcassets */ = {isa = PBXFileReference; lastKnownFileType = folder.assetcatalog; path = Assets.xcassets; sourceTree = "<group>"; };
		2F6E56E51F740F2200A03B41 /* Base */ = {isa = PBXFileReference; lastKnownFileType = file.storyboard; name = Base; path = Base.lproj/LaunchScreen.storyboard; sourceTree = "<group>"; };
		2F6E56E71F740F2200A03B41 /* Info.plist */ = {isa = PBXFileReference; lastKnownFileType = text.plist.xml; path = Info.plist; sourceTree = "<group>"; };
		2F6E56EC1F740F2200A03B41 /* TodoDemoTests.xctest */ = {isa = PBXFileReference; explicitFileType = wrapper.cfbundle; includeInIndex = 0; path = TodoDemoTests.xctest; sourceTree = BUILT_PRODUCTS_DIR; };
		2F6E56F01F740F2200A03B41 /* TodoDemoTests.swift */ = {isa = PBXFileReference; lastKnownFileType = sourcecode.swift; path = TodoDemoTests.swift; sourceTree = "<group>"; };
		2F6E56F21F740F2200A03B41 /* Info.plist */ = {isa = PBXFileReference; lastKnownFileType = text.plist.xml; path = Info.plist; sourceTree = "<group>"; };
		2F6E56FB1F74101700A03B41 /* TodoModel.swift */ = {isa = PBXFileReference; lastKnownFileType = sourcecode.swift; path = TodoModel.swift; sourceTree = "<group>"; };
		2F6E56FC1F74101700A03B41 /* TableViewController.swift */ = {isa = PBXFileReference; lastKnownFileType = sourcecode.swift; path = TableViewController.swift; sourceTree = "<group>"; };
		2F6E56FD1F74101700A03B41 /* TableViewInputCell.swift */ = {isa = PBXFileReference; lastKnownFileType = sourcecode.swift; path = TableViewInputCell.swift; sourceTree = "<group>"; };
		2F6E572D1F74475700A03B41 /* Store.swift */ = {isa = PBXFileReference; lastKnownFileType = sourcecode.swift; path = Store.swift; sourceTree = "<group>"; };
		2F6E572F1F7448C400A03B41 /* TableViewDataSource.swift */ = {isa = PBXFileReference; lastKnownFileType = sourcecode.swift; path = TableViewDataSource.swift; sourceTree = "<group>"; };
/* End PBXFileReference section */

/* Begin PBXFrameworksBuildPhase section */
		2F6E56D51F740F2200A03B41 /* Frameworks */ = {
			isa = PBXFrameworksBuildPhase;
			buildActionMask = 2147483647;
			files = (
			);
			runOnlyForDeploymentPostprocessing = 0;
		};
		2F6E56E91F740F2200A03B41 /* Frameworks */ = {
			isa = PBXFrameworksBuildPhase;
			buildActionMask = 2147483647;
			files = (
			);
			runOnlyForDeploymentPostprocessing = 0;
		};
/* End PBXFrameworksBuildPhase section */

/* Begin PBXGroup section */
		2F6E56CF1F740F2200A03B41 = {
			isa = PBXGroup;
			children = (
				2F6E56DA1F740F2200A03B41 /* TodoDemo */,
				2F6E56EF1F740F2200A03B41 /* TodoDemoTests */,
				2F6E56D91F740F2200A03B41 /* Products */,
			);
			sourceTree = "<group>";
		};
		2F6E56D91F740F2200A03B41 /* Products */ = {
			isa = PBXGroup;
			children = (
				2F6E56D81F740F2200A03B41 /* TodoDemo.app */,
				2F6E56EC1F740F2200A03B41 /* TodoDemoTests.xctest */,
			);
			name = Products;
			sourceTree = "<group>";
		};
		2F6E56DA1F740F2200A03B41 /* TodoDemo */ = {
			isa = PBXGroup;
			children = (
				2F6E56DB1F740F2200A03B41 /* AppDelegate.swift */,
				2F6E56FC1F74101700A03B41 /* TableViewController.swift */,
				2F6E56FD1F74101700A03B41 /* TableViewInputCell.swift */,
				2F6E56FB1F74101700A03B41 /* TodoModel.swift */,
				2F6E56DF1F740F2200A03B41 /* Main.storyboard */,
				2F6E56E21F740F2200A03B41 /* Assets.xcassets */,
				2F6E56E41F740F2200A03B41 /* LaunchScreen.storyboard */,
				2F6E56E71F740F2200A03B41 /* Info.plist */,
				2F6E572D1F74475700A03B41 /* Store.swift */,
				2F6E572F1F7448C400A03B41 /* TableViewDataSource.swift */,
			);
			path = TodoDemo;
			sourceTree = "<group>";
		};
		2F6E56EF1F740F2200A03B41 /* TodoDemoTests */ = {
			isa = PBXGroup;
			children = (
				2F6E56F01F740F2200A03B41 /* TodoDemoTests.swift */,
				2F6E56F21F740F2200A03B41 /* Info.plist */,
			);
			path = TodoDemoTests;
			sourceTree = "<group>";
		};
/* End PBXGroup section */

/* Begin PBXNativeTarget section */
		2F6E56D71F740F2200A03B41 /* TodoDemo */ = {
			isa = PBXNativeTarget;
			buildConfigurationList = 2F6E56F51F740F2200A03B41 /* Build configuration list for PBXNativeTarget "TodoDemo" */;
			buildPhases = (
				2F6E56D41F740F2200A03B41 /* Sources */,
				2F6E56D51F740F2200A03B41 /* Frameworks */,
				2F6E56D61F740F2200A03B41 /* Resources */,
			);
			buildRules = (
			);
			dependencies = (
			);
			name = TodoDemo;
			productName = TodoDemo;
			productReference = 2F6E56D81F740F2200A03B41 /* TodoDemo.app */;
			productType = "com.apple.product-type.application";
		};
		2F6E56EB1F740F2200A03B41 /* TodoDemoTests */ = {
			isa = PBXNativeTarget;
			buildConfigurationList = 2F6E56F81F740F2200A03B41 /* Build configuration list for PBXNativeTarget "TodoDemoTests" */;
			buildPhases = (
				2F6E56E81F740F2200A03B41 /* Sources */,
				2F6E56E91F740F2200A03B41 /* Frameworks */,
				2F6E56EA1F740F2200A03B41 /* Resources */,
			);
			buildRules = (
			);
			dependencies = (
				2F6E56EE1F740F2200A03B41 /* PBXTargetDependency */,
			);
			name = TodoDemoTests;
			productName = TodoDemoTests;
			productReference = 2F6E56EC1F740F2200A03B41 /* TodoDemoTests.xctest */;
			productType = "com.apple.product-type.bundle.unit-test";
		};
/* End PBXNativeTarget section */

/* Begin PBXProject section */
		2F6E56D01F740F2200A03B41 /* Project object */ = {
			isa = PBXProject;
			attributes = {
				LastSwiftUpdateCheck = 0900;
				LastUpgradeCheck = 0900;
				ORGANIZATIONNAME = paprika;
				TargetAttributes = {
					2F6E56D71F740F2200A03B41 = {
						CreatedOnToolsVersion = 9.0;
						ProvisioningStyle = Automatic;
					};
					2F6E56EB1F740F2200A03B41 = {
						CreatedOnToolsVersion = 9.0;
						ProvisioningStyle = Automatic;
						TestTargetID = 2F6E56D71F740F2200A03B41;
					};
				};
			};
			buildConfigurationList = 2F6E56D31F740F2200A03B41 /* Build configuration list for PBXProject "TodoDemo" */;
			compatibilityVersion = "Xcode 8.0";
			developmentRegion = en;
			hasScannedForEncodings = 0;
			knownRegions = (
				en,
				Base,
			);
			mainGroup = 2F6E56CF1F740F2200A03B41;
			productRefGroup = 2F6E56D91F740F2200A03B41 /* Products */;
			projectDirPath = "";
			projectRoot = "";
			targets = (
				2F6E56D71F740F2200A03B41 /* TodoDemo */,
				2F6E56EB1F740F2200A03B41 /* TodoDemoTests */,
			);
		};
/* End PBXProject section */

/* Begin PBXResourcesBuildPhase section */
		2F6E56D61F740F2200A03B41 /* Resources */ = {
			isa = PBXResourcesBuildPhase;
			buildActionMask = 2147483647;
			files = (
				2F6E56E61F740F2200A03B41 /* LaunchScreen.storyboard in Resources */,
				2F6E56E31F740F2200A03B41 /* Assets.xcassets in Resources */,
				2F6E56E11F740F2200A03B41 /* Main.storyboard in Resources */,
			);
			runOnlyForDeploymentPostprocessing = 0;
		};
		2F6E56EA1F740F2200A03B41 /* Resources */ = {
			isa = PBXResourcesBuildPhase;
			buildActionMask = 2147483647;
			files = (
			);
			runOnlyForDeploymentPostprocessing = 0;
		};
/* End PBXResourcesBuildPhase section */

/* Begin PBXSourcesBuildPhase section */
		2F6E56D41F740F2200A03B41 /* Sources */ = {
			isa = PBXSourcesBuildPhase;
			buildActionMask = 2147483647;
			files = (
				2F6E57301F7448C400A03B41 /* TableViewDataSource.swift in Sources */,
				2F6E572E1F74475700A03B41 /* Store.swift in Sources */,
				2F6E56DC1F740F2200A03B41 /* AppDelegate.swift in Sources */,
				2F6E56FF1F74101700A03B41 /* TableViewController.swift in Sources */,
				2F6E57001F74101700A03B41 /* TableViewInputCell.swift in Sources */,
				2F6E56FE1F74101700A03B41 /* TodoModel.swift in Sources */,
			);
			runOnlyForDeploymentPostprocessing = 0;
		};
		2F6E56E81F740F2200A03B41 /* Sources */ = {
			isa = PBXSourcesBuildPhase;
			buildActionMask = 2147483647;
			files = (
				2F6E56F11F740F2200A03B41 /* TodoDemoTests.swift in Sources */,
			);
			runOnlyForDeploymentPostprocessing = 0;
		};
/* End PBXSourcesBuildPhase section */

/* Begin PBXTargetDependency section */
		2F6E56EE1F740F2200A03B41 /* PBXTargetDependency */ = {
			isa = PBXTargetDependency;
			target = 2F6E56D71F740F2200A03B41 /* TodoDemo */;
			targetProxy = 2F6E56ED1F740F2200A03B41 /* PBXContainerItemProxy */;
		};
/* End PBXTargetDependency section */

/* Begin PBXVariantGroup section */
		2F6E56DF1F740F2200A03B41 /* Main.storyboard */ = {
			isa = PBXVariantGroup;
			children = (
				2F6E56E01F740F2200A03B41 /* Base */,
			);
			name = Main.storyboard;
			sourceTree = "<group>";
		};
		2F6E56E41F740F2200A03B41 /* LaunchScreen.storyboard */ = {
			isa = PBXVariantGroup;
			children = (
				2F6E56E51F740F2200A03B41 /* Base */,
			);
			name = LaunchScreen.storyboard;
			sourceTree = "<group>";
		};
/* End PBXVariantGroup section */

/* Begin XCBuildConfiguration section */
		2F6E56F31F740F2200A03B41 /* Debug */ = {
			isa = XCBuildConfiguration;
			buildSettings = {
				ALWAYS_SEARCH_USER_PATHS = NO;
				CLANG_ANALYZER_NONNULL = YES;
				CLANG_ANALYZER_NUMBER_OBJECT_CONVERSION = YES_AGGRESSIVE;
				CLANG_CXX_LANGUAGE_STANDARD = "gnu++14";
				CLANG_CXX_LIBRARY = "libc++";
				CLANG_ENABLE_MODULES = YES;
				CLANG_ENABLE_OBJC_ARC = YES;
				CLANG_WARN_BLOCK_CAPTURE_AUTORELEASING = YES;
				CLANG_WARN_BOOL_CONVERSION = YES;
				CLANG_WARN_COMMA = YES;
				CLANG_WARN_CONSTANT_CONVERSION = YES;
				CLANG_WARN_DIRECT_OBJC_ISA_USAGE = YES_ERROR;
				CLANG_WARN_DOCUMENTATION_COMMENTS = YES;
				CLANG_WARN_EMPTY_BODY = YES;
				CLANG_WARN_ENUM_CONVERSION = YES;
				CLANG_WARN_INFINITE_RECURSION = YES;
				CLANG_WARN_INT_CONVERSION = YES;
				CLANG_WARN_NON_LITERAL_NULL_CONVERSION = YES;
				CLANG_WARN_OBJC_LITERAL_CONVERSION = YES;
				CLANG_WARN_OBJC_ROOT_CLASS = YES_ERROR;
				CLANG_WARN_RANGE_LOOP_ANALYSIS = YES;
				CLANG_WARN_STRICT_PROTOTYPES = YES;
				CLANG_WARN_SUSPICIOUS_MOVE = YES;
				CLANG_WARN_UNGUARDED_AVAILABILITY = YES_AGGRESSIVE;
				CLANG_WARN_UNREACHABLE_CODE = YES;
				CLANG_WARN__DUPLICATE_METHOD_MATCH = YES;
				CODE_SIGN_IDENTITY = "iPhone Developer";
				COPY_PHASE_STRIP = NO;
				DEBUG_INFORMATION_FORMAT = dwarf;
				ENABLE_STRICT_OBJC_MSGSEND = YES;
				ENABLE_TESTABILITY = YES;
				GCC_C_LANGUAGE_STANDARD = gnu11;
				GCC_DYNAMIC_NO_PIC = NO;
				GCC_NO_COMMON_BLOCKS = YES;
				GCC_OPTIMIZATION_LEVEL = 0;
				GCC_PREPROCESSOR_DEFINITIONS = (
					"DEBUG=1",
					"$(inherited)",
				);
				GCC_WARN_64_TO_32_BIT_CONVERSION = YES;
				GCC_WARN_ABOUT_RETURN_TYPE = YES_ERROR;
				GCC_WARN_UNDECLARED_SELECTOR = YES;
				GCC_WARN_UNINITIALIZED_AUTOS = YES_AGGRESSIVE;
				GCC_WARN_UNUSED_FUNCTION = YES;
				GCC_WARN_UNUSED_VARIABLE = YES;
				IPHONEOS_DEPLOYMENT_TARGET = 11.0;
				MTL_ENABLE_DEBUG_INFO = YES;
				ONLY_ACTIVE_ARCH = YES;
				SDKROOT = iphoneos;
				SWIFT_ACTIVE_COMPILATION_CONDITIONS = DEBUG;
				SWIFT_OPTIMIZATION_LEVEL = "-Onone";
			};
			name = Debug;
		};
		2F6E56F41F740F2200A03B41 /* Release */ = {
			isa = XCBuildConfiguration;
			buildSettings = {
				ALWAYS_SEARCH_USER_PATHS = NO;
				CLANG_ANALYZER_NONNULL = YES;
				CLANG_ANALYZER_NUMBER_OBJECT_CONVERSION = YES_AGGRESSIVE;
				CLANG_CXX_LANGUAGE_STANDARD = "gnu++14";
				CLANG_CXX_LIBRARY = "libc++";
				CLANG_ENABLE_MODULES = YES;
				CLANG_ENABLE_OBJC_ARC = YES;
				CLANG_WARN_BLOCK_CAPTURE_AUTORELEASING = YES;
				CLANG_WARN_BOOL_CONVERSION = YES;
				CLANG_WARN_COMMA = YES;
				CLANG_WARN_CONSTANT_CONVERSION = YES;
				CLANG_WARN_DIRECT_OBJC_ISA_USAGE = YES_ERROR;
				CLANG_WARN_DOCUMENTATION_COMMENTS = YES;
				CLANG_WARN_EMPTY_BODY = YES;
				CLANG_WARN_ENUM_CONVERSION = YES;
				CLANG_WARN_INFINITE_RECURSION = YES;
				CLANG_WARN_INT_CONVERSION = YES;
				CLANG_WARN_NON_LITERAL_NULL_CONVERSION = YES;
				CLANG_WARN_OBJC_LITERAL_CONVERSION = YES;
				CLANG_WARN_OBJC_ROOT_CLASS = YES_ERROR;
				CLANG_WARN_RANGE_LOOP_ANALYSIS = YES;
				CLANG_WARN_STRICT_PROTOTYPES = YES;
				CLANG_WARN_SUSPICIOUS_MOVE = YES;
				CLANG_WARN_UNGUARDED_AVAILABILITY = YES_AGGRESSIVE;
				CLANG_WARN_UNREACHABLE_CODE = YES;
				CLANG_WARN__DUPLICATE_METHOD_MATCH = YES;
				CODE_SIGN_IDENTITY = "iPhone Developer";
				COPY_PHASE_STRIP = NO;
				DEBUG_INFORMATION_FORMAT = "dwarf-with-dsym";
				ENABLE_NS_ASSERTIONS = NO;
				ENABLE_STRICT_OBJC_MSGSEND = YES;
				GCC_C_LANGUAGE_STANDARD = gnu11;
				GCC_NO_COMMON_BLOCKS = YES;
				GCC_WARN_64_TO_32_BIT_CONVERSION = YES;
				GCC_WARN_ABOUT_RETURN_TYPE = YES_ERROR;
				GCC_WARN_UNDECLARED_SELECTOR = YES;
				GCC_WARN_UNINITIALIZED_AUTOS = YES_AGGRESSIVE;
				GCC_WARN_UNUSED_FUNCTION = YES;
				GCC_WARN_UNUSED_VARIABLE = YES;
				IPHONEOS_DEPLOYMENT_TARGET = 11.0;
				MTL_ENABLE_DEBUG_INFO = NO;
				SDKROOT = iphoneos;
				SWIFT_OPTIMIZATION_LEVEL = "-Owholemodule";
				VALIDATE_PRODUCT = YES;
			};
			name = Release;
		};
		2F6E56F61F740F2200A03B41 /* Debug */ = {
			isa = XCBuildConfiguration;
			buildSettings = {
				ASSETCATALOG_COMPILER_APPICON_NAME = AppIcon;
				CODE_SIGN_STYLE = Automatic;
				DEVELOPMENT_TEAM = 3H89VUAKH5;
				INFOPLIST_FILE = TodoDemo/Info.plist;
				LD_RUNPATH_SEARCH_PATHS = "$(inherited) @executable_path/Frameworks";
				PRODUCT_BUNDLE_IDENTIFIER = cn.paprika.TodoDemo;
				PRODUCT_NAME = "$(TARGET_NAME)";
				SWIFT_VERSION = 4.0;
				TARGETED_DEVICE_FAMILY = "1,2";
			};
			name = Debug;
		};
		2F6E56F71F740F2200A03B41 /* Release */ = {
			isa = XCBuildConfiguration;
			buildSettings = {
				ASSETCATALOG_COMPILER_APPICON_NAME = AppIcon;
				CODE_SIGN_STYLE = Automatic;
				DEVELOPMENT_TEAM = 3H89VUAKH5;
				INFOPLIST_FILE = TodoDemo/Info.plist;
				LD_RUNPATH_SEARCH_PATHS = "$(inherited) @executable_path/Frameworks";
				PRODUCT_BUNDLE_IDENTIFIER = cn.paprika.TodoDemo;
				PRODUCT_NAME = "$(TARGET_NAME)";
				SWIFT_VERSION = 4.0;
				TARGETED_DEVICE_FAMILY = "1,2";
			};
			name = Release;
		};
		2F6E56F91F740F2200A03B41 /* Debug */ = {
			isa = XCBuildConfiguration;
			buildSettings = {
				ALWAYS_EMBED_SWIFT_STANDARD_LIBRARIES = YES;
				BUNDLE_LOADER = "$(TEST_HOST)";
				CODE_SIGN_STYLE = Automatic;
				DEVELOPMENT_TEAM = 3H89VUAKH5;
				INFOPLIST_FILE = TodoDemoTests/Info.plist;
				LD_RUNPATH_SEARCH_PATHS = "$(inherited) @executable_path/Frameworks @loader_path/Frameworks";
				PRODUCT_BUNDLE_IDENTIFIER = cn.paprika.TodoDemoTests;
				PRODUCT_NAME = "$(TARGET_NAME)";
				SWIFT_VERSION = 4.0;
				TARGETED_DEVICE_FAMILY = "1,2";
				TEST_HOST = "$(BUILT_PRODUCTS_DIR)/TodoDemo.app/TodoDemo";
			};
			name = Debug;
		};
		2F6E56FA1F740F2200A03B41 /* Release */ = {
			isa = XCBuildConfiguration;
			buildSettings = {
				ALWAYS_EMBED_SWIFT_STANDARD_LIBRARIES = YES;
				BUNDLE_LOADER = "$(TEST_HOST)";
				CODE_SIGN_STYLE = Automatic;
				DEVELOPMENT_TEAM = 3H89VUAKH5;
				INFOPLIST_FILE = TodoDemoTests/Info.plist;
				LD_RUNPATH_SEARCH_PATHS = "$(inherited) @executable_path/Frameworks @loader_path/Frameworks";
				PRODUCT_BUNDLE_IDENTIFIER = cn.paprika.TodoDemoTests;
				PRODUCT_NAME = "$(TARGET_NAME)";
				SWIFT_VERSION = 4.0;
				TARGETED_DEVICE_FAMILY = "1,2";
				TEST_HOST = "$(BUILT_PRODUCTS_DIR)/TodoDemo.app/TodoDemo";
			};
			name = Release;
		};
/* End XCBuildConfiguration section */

/* Begin XCConfigurationList section */
		2F6E56D31F740F2200A03B41 /* Build configuration list for PBXProject "TodoDemo" */ = {
			isa = XCConfigurationList;
			buildConfigurations = (
				2F6E56F31F740F2200A03B41 /* Debug */,
				2F6E56F41F740F2200A03B41 /* Release */,
			);
			defaultConfigurationIsVisible = 0;
			defaultConfigurationName = Release;
		};
		2F6E56F51F740F2200A03B41 /* Build configuration list for PBXNativeTarget "TodoDemo" */ = {
			isa = XCConfigurationList;
			buildConfigurations = (
				2F6E56F61F740F2200A03B41 /* Debug */,
				2F6E56F71F740F2200A03B41 /* Release */,
			);
			defaultConfigurationIsVisible = 0;
			defaultConfigurationName = Release;
		};
		2F6E56F81F740F2200A03B41 /* Build configuration list for PBXNativeTarget "TodoDemoTests" */ = {
			isa = XCConfigurationList;
			buildConfigurations = (
				2F6E56F91F740F2200A03B41 /* Debug */,
				2F6E56FA1F740F2200A03B41 /* Release */,
			);
			defaultConfigurationIsVisible = 0;
			defaultConfigurationName = Release;
		};
/* End XCConfigurationList section */
	};
	rootObject = 2F6E56D01F740F2200A03B41 /* Project object */;
}
